
Microsoft Visual Studio Solution File, Format Version 12.00
# Visual Studio 15
VisualStudioVersion = 15.0.27130.2027
MinimumVisualStudioVersion = 10.0.40219.1
Project("{FAE04EC0-301F-11D3-BF4B-00C04F79EFBC}") = "InsertDataToCRM", "InsertDataToCRM\InsertDataToCRM.csproj", "{DC92C37C-2DA7-4247-9996-490B4DFB7A08}"
EndProject
Global
	GlobalSection(SolutionConfigurationPlatforms) = preSolution
		Debug|Any CPU = Debug|Any CPU
		Release|Any CPU = Release|Any CPU
	EndGlobalSection
	GlobalSection(ProjectConfigurationPlatforms) = postSolution
		{DC92C37C-2DA7-4247-9996-490B4DFB7A08}.Debug|Any CPU.ActiveCfg = Debug|Any CPU
		{DC92C37C-2DA7-4247-9996-490B4DFB7A08}.Debug|Any CPU.Build.0 = Debug|Any CPU
		{DC92C37C-2DA7-4247-9996-490B4DFB7A08}.Release|Any CPU.ActiveCfg = Release|Any CPU
		{DC92C37C-2DA7-4247-9996-490B4DFB7A08}.Release|Any CPU.Build.0 = Release|Any CPU
	EndGlobalSection
	GlobalSection(SolutionProperties) = preSolution
		HideSolutionNode = FALSE
	EndGlobalSection
	GlobalSection(ExtensibilityGlobals) = postSolution
		SolutionGuid = {AEB7904E-C4C7-47DD-9262-7030237AD94B}
	EndGlobalSection
EndGlobal
